
Microsoft Visual Studio Solution File, Format Version 12.00
# Visual Studio 15
VisualStudioVersion = 15.0.28307.1800
MinimumVisualStudioVersion = 10.0.40219.1
Project("{FAE04EC0-301F-11D3-BF4B-00C04F79EFBC}") = "APICurso", "APICurso3\APICurso.csproj", "{FD85287D-43DA-4462-B87B-E8BDC9B051BE}"
EndProject
Project("{FAE04EC0-301F-11D3-BF4B-00C04F79EFBC}") = "APICliente", "APICliente\APICliente.csproj", "{BFA47050-4F74-496A-A4F5-B6C52ACC2AC7}"
EndProject
Global
	GlobalSection(SolutionConfigurationPlatforms) = preSolution
		Debug|Any CPU = Debug|Any CPU
		Release|Any CPU = Release|Any CPU
	EndGlobalSection
	GlobalSection(ProjectConfigurationPlatforms) = postSolution
		{FD85287D-43DA-4462-B87B-E8BDC9B051BE}.Debug|Any CPU.ActiveCfg = Debug|Any CPU
		{FD85287D-43DA-4462-B87B-E8BDC9B051BE}.Debug|Any CPU.Build.0 = Debug|Any CPU
		{FD85287D-43DA-4462-B87B-E8BDC9B051BE}.Release|Any CPU.ActiveCfg = Release|Any CPU
		{FD85287D-43DA-4462-B87B-E8BDC9B051BE}.Release|Any CPU.Build.0 = Release|Any CPU
		{BFA47050-4F74-496A-A4F5-B6C52ACC2AC7}.Debug|Any CPU.ActiveCfg = Debug|Any CPU
		{BFA47050-4F74-496A-A4F5-B6C52ACC2AC7}.Debug|Any CPU.Build.0 = Debug|Any CPU
		{BFA47050-4F74-496A-A4F5-B6C52ACC2AC7}.Release|Any CPU.ActiveCfg = Release|Any CPU
		{BFA47050-4F74-496A-A4F5-B6C52ACC2AC7}.Release|Any CPU.Build.0 = Release|Any CPU
	EndGlobalSection
	GlobalSection(SolutionProperties) = preSolution
		HideSolutionNode = FALSE
	EndGlobalSection
	GlobalSection(ExtensibilityGlobals) = postSolution
		SolutionGuid = {A82E81EA-0606-4A92-8887-58505A17E26E}
	EndGlobalSection
EndGlobal
